
Microsoft Visual Studio Solution File, Format Version 12.00
# Visual Studio 14
VisualStudioVersion = 14.0.25420.1
MinimumVisualStudioVersion = 10.0.40219.1
Project("{FAE04EC0-301F-11D3-BF4B-00C04F79EFBC}") = "DemoLib", "DemoLib\DemoLib.csproj", "{7157F635-8B40-48FF-AF35-8059E4048C46}"
EndProject
Project("{FAE04EC0-301F-11D3-BF4B-00C04F79EFBC}") = "DemoLibTests", "DemoLibTests\DemoLibTests.csproj", "{DD2D49BD-C665-4CB4-84E1-F935A379A30C}"
EndProject
Project("{FAE04EC0-301F-11D3-BF4B-00C04F79EFBC}") = "StructureMap.SpecFlowPlugin", "StructureMap.SpecFlowPlugin\StructureMap.SpecFlowPlugin.csproj", "{FC469016-7D40-4E87-8079-381DA2BE0ED4}"
EndProject
Global
	GlobalSection(SolutionConfigurationPlatforms) = preSolution
		Debug|Any CPU = Debug|Any CPU
		Release|Any CPU = Release|Any CPU
	EndGlobalSection
	GlobalSection(ProjectConfigurationPlatforms) = postSolution
		{7157F635-8B40-48FF-AF35-8059E4048C46}.Debug|Any CPU.ActiveCfg = Debug|Any CPU
		{7157F635-8B40-48FF-AF35-8059E4048C46}.Debug|Any CPU.Build.0 = Debug|Any CPU
		{7157F635-8B40-48FF-AF35-8059E4048C46}.Release|Any CPU.ActiveCfg = Release|Any CPU
		{7157F635-8B40-48FF-AF35-8059E4048C46}.Release|Any CPU.Build.0 = Release|Any CPU
		{DD2D49BD-C665-4CB4-84E1-F935A379A30C}.Debug|Any CPU.ActiveCfg = Debug|Any CPU
		{DD2D49BD-C665-4CB4-84E1-F935A379A30C}.Debug|Any CPU.Build.0 = Debug|Any CPU
		{DD2D49BD-C665-4CB4-84E1-F935A379A30C}.Release|Any CPU.ActiveCfg = Release|Any CPU
		{DD2D49BD-C665-4CB4-84E1-F935A379A30C}.Release|Any CPU.Build.0 = Release|Any CPU
		{FC469016-7D40-4E87-8079-381DA2BE0ED4}.Debug|Any CPU.ActiveCfg = Debug|Any CPU
		{FC469016-7D40-4E87-8079-381DA2BE0ED4}.Debug|Any CPU.Build.0 = Debug|Any CPU
		{FC469016-7D40-4E87-8079-381DA2BE0ED4}.Release|Any CPU.ActiveCfg = Release|Any CPU
		{FC469016-7D40-4E87-8079-381DA2BE0ED4}.Release|Any CPU.Build.0 = Release|Any CPU
	EndGlobalSection
	GlobalSection(SolutionProperties) = preSolution
		HideSolutionNode = FALSE
	EndGlobalSection
EndGlobal
